
Microsoft Visual Studio Solution File, Format Version 12.00
# Visual Studio Version 17
VisualStudioVersion = 17.6.33829.357
MinimumVisualStudioVersion = 10.0.40219.1
Project("{FAE04EC0-301F-11D3-BF4B-00C04F79EFBC}") = "Database", "Database\Database.csproj", "{D0A36CB3-3080-4E11-8AD7-395420A7D4CC}"
EndProject
Project("{FAE04EC0-301F-11D3-BF4B-00C04F79EFBC}") = "WindowsFormsAppUI", "WindowsFormsAppUI\WindowsFormsAppUI.csproj", "{13E55F8F-4FD6-4031-9161-CA3B0A628B93}"
EndProject
Project("{FAE04EC0-301F-11D3-BF4B-00C04F79EFBC}") = "Localization", "Localization\Localization.csproj", "{7C5CA44A-A914-46CD-A3FB-24EA4C0095CC}"
EndProject
Global
	GlobalSection(SolutionConfigurationPlatforms) = preSolution
		Debug|Any CPU = Debug|Any CPU
		Release|Any CPU = Release|Any CPU
	EndGlobalSection
	GlobalSection(ProjectConfigurationPlatforms) = postSolution
		{D0A36CB3-3080-4E11-8AD7-395420A7D4CC}.Debug|Any CPU.ActiveCfg = Debug|Any CPU
		{D0A36CB3-3080-4E11-8AD7-395420A7D4CC}.Debug|Any CPU.Build.0 = Debug|Any CPU
		{D0A36CB3-3080-4E11-8AD7-395420A7D4CC}.Release|Any CPU.ActiveCfg = Release|Any CPU
		{D0A36CB3-3080-4E11-8AD7-395420A7D4CC}.Release|Any CPU.Build.0 = Release|Any CPU
		{13E55F8F-4FD6-4031-9161-CA3B0A628B93}.Debug|Any CPU.ActiveCfg = Debug|Any CPU
		{13E55F8F-4FD6-4031-9161-CA3B0A628B93}.Debug|Any CPU.Build.0 = Debug|Any CPU
		{13E55F8F-4FD6-4031-9161-CA3B0A628B93}.Release|Any CPU.ActiveCfg = Release|Any CPU
		{13E55F8F-4FD6-4031-9161-CA3B0A628B93}.Release|Any CPU.Build.0 = Release|Any CPU
		{7C5CA44A-A914-46CD-A3FB-24EA4C0095CC}.Debug|Any CPU.ActiveCfg = Debug|Any CPU
		{7C5CA44A-A914-46CD-A3FB-24EA4C0095CC}.Debug|Any CPU.Build.0 = Debug|Any CPU
		{7C5CA44A-A914-46CD-A3FB-24EA4C0095CC}.Release|Any CPU.ActiveCfg = Release|Any CPU
		{7C5CA44A-A914-46CD-A3FB-24EA4C0095CC}.Release|Any CPU.Build.0 = Release|Any CPU
	EndGlobalSection
	GlobalSection(SolutionProperties) = preSolution
		HideSolutionNode = FALSE
	EndGlobalSection
	GlobalSection(ExtensibilityGlobals) = postSolution
		SolutionGuid = {FEF2E930-DE04-439B-9DA7-18BC74AA5C1E}
	EndGlobalSection
EndGlobal
